
Microsoft Visual Studio Solution File, Format Version 12.00
# Visual Studio 2013
VisualStudioVersion = 12.0.21005.1
MinimumVisualStudioVersion = 10.0.40219.1
Project("{FAE04EC0-301F-11D3-BF4B-00C04F79EFBC}") = "Rae.Web.Cnblogs", "Rae.Web.Cnblogs\Rae.Web.Cnblogs.csproj", "{A6EE47DD-D0F0-4990-A5AF-44F72CFF1389}"
EndProject
Project("{FAE04EC0-301F-11D3-BF4B-00C04F79EFBC}") = "Rae.Web", "Rae.Web\Rae.Web.csproj", "{3ED1D938-5E28-4103-BDDD-96C5441718D2}"
EndProject
Project("{FAE04EC0-301F-11D3-BF4B-00C04F79EFBC}") = "Rae.Core", "Rae.Core\Rae.Core.csproj", "{D9359B1B-1C60-40ED-A6F1-CE988E6AA96C}"
EndProject
Project("{2150E333-8FDC-42A3-9474-1A3956D46DE8}") = "Core", "Core", "{F6DBCEF3-9D14-4E2C-BBA3-D546F9AFC62A}"
EndProject
Project("{2150E333-8FDC-42A3-9474-1A3956D46DE8}") = "Web", "Web", "{C56B63F5-FC58-4271-9C6B-01C6E02468BD}"
EndProject
Project("{FAE04EC0-301F-11D3-BF4B-00C04F79EFBC}") = "Rae.Entity", "Rae.Entity\Rae.Entity.csproj", "{F563DED1-3E5D-42C4-AD46-8C2E85665C61}"
EndProject
Project("{FAE04EC0-301F-11D3-BF4B-00C04F79EFBC}") = "Rae.Core.Data", "Rae.Core.Data\Rae.Core.Data.csproj", "{1FC39ED7-8560-41DD-8284-24440B832916}"
EndProject
Global
	GlobalSection(SolutionConfigurationPlatforms) = preSolution
		Debug|Any CPU = Debug|Any CPU
		Release|Any CPU = Release|Any CPU
	EndGlobalSection
	GlobalSection(ProjectConfigurationPlatforms) = postSolution
		{A6EE47DD-D0F0-4990-A5AF-44F72CFF1389}.Debug|Any CPU.ActiveCfg = Debug|Any CPU
		{A6EE47DD-D0F0-4990-A5AF-44F72CFF1389}.Debug|Any CPU.Build.0 = Debug|Any CPU
		{A6EE47DD-D0F0-4990-A5AF-44F72CFF1389}.Release|Any CPU.ActiveCfg = Release|Any CPU
		{A6EE47DD-D0F0-4990-A5AF-44F72CFF1389}.Release|Any CPU.Build.0 = Release|Any CPU
		{3ED1D938-5E28-4103-BDDD-96C5441718D2}.Debug|Any CPU.ActiveCfg = Debug|Any CPU
		{3ED1D938-5E28-4103-BDDD-96C5441718D2}.Debug|Any CPU.Build.0 = Debug|Any CPU
		{3ED1D938-5E28-4103-BDDD-96C5441718D2}.Release|Any CPU.ActiveCfg = Release|Any CPU
		{3ED1D938-5E28-4103-BDDD-96C5441718D2}.Release|Any CPU.Build.0 = Release|Any CPU
		{D9359B1B-1C60-40ED-A6F1-CE988E6AA96C}.Debug|Any CPU.ActiveCfg = Debug|Any CPU
		{D9359B1B-1C60-40ED-A6F1-CE988E6AA96C}.Debug|Any CPU.Build.0 = Debug|Any CPU
		{D9359B1B-1C60-40ED-A6F1-CE988E6AA96C}.Release|Any CPU.ActiveCfg = Release|Any CPU
		{D9359B1B-1C60-40ED-A6F1-CE988E6AA96C}.Release|Any CPU.Build.0 = Release|Any CPU
		{F563DED1-3E5D-42C4-AD46-8C2E85665C61}.Debug|Any CPU.ActiveCfg = Debug|Any CPU
		{F563DED1-3E5D-42C4-AD46-8C2E85665C61}.Debug|Any CPU.Build.0 = Debug|Any CPU
		{F563DED1-3E5D-42C4-AD46-8C2E85665C61}.Release|Any CPU.ActiveCfg = Release|Any CPU
		{F563DED1-3E5D-42C4-AD46-8C2E85665C61}.Release|Any CPU.Build.0 = Release|Any CPU
		{1FC39ED7-8560-41DD-8284-24440B832916}.Debug|Any CPU.ActiveCfg = Debug|Any CPU
		{1FC39ED7-8560-41DD-8284-24440B832916}.Debug|Any CPU.Build.0 = Debug|Any CPU
		{1FC39ED7-8560-41DD-8284-24440B832916}.Release|Any CPU.ActiveCfg = Release|Any CPU
		{1FC39ED7-8560-41DD-8284-24440B832916}.Release|Any CPU.Build.0 = Release|Any CPU
	EndGlobalSection
	GlobalSection(SolutionProperties) = preSolution
		HideSolutionNode = FALSE
	EndGlobalSection
	GlobalSection(NestedProjects) = preSolution
		{3ED1D938-5E28-4103-BDDD-96C5441718D2} = {C56B63F5-FC58-4271-9C6B-01C6E02468BD}
		{A6EE47DD-D0F0-4990-A5AF-44F72CFF1389} = {C56B63F5-FC58-4271-9C6B-01C6E02468BD}
		{D9359B1B-1C60-40ED-A6F1-CE988E6AA96C} = {F6DBCEF3-9D14-4E2C-BBA3-D546F9AFC62A}
		{F563DED1-3E5D-42C4-AD46-8C2E85665C61} = {F6DBCEF3-9D14-4E2C-BBA3-D546F9AFC62A}
		{1FC39ED7-8560-41DD-8284-24440B832916} = {F6DBCEF3-9D14-4E2C-BBA3-D546F9AFC62A}
	EndGlobalSection
EndGlobal
