
Microsoft Visual Studio Solution File, Format Version 12.00
# Visual Studio 2013
VisualStudioVersion = 12.0.21005.1
MinimumVisualStudioVersion = 10.0.40219.1
Project("{FAE04EC0-301F-11D3-BF4B-00C04F79EFBC}") = "Rae.Web.Cnblogs", "Rae.Web.Cnblogs\Rae.Web.Cnblogs.csproj", "{A6EE47DD-D0F0-4990-A5AF-44F72CFF1389}"
EndProject
Project("{FAE04EC0-301F-11D3-BF4B-00C04F79EFBC}") = "Rae.Core", "Rae.Core\Rae.Core.csproj", "{D9359B1B-1C60-40ED-A6F1-CE988E6AA96C}"
EndProject
Project("{2150E333-8FDC-42A3-9474-1A3956D46DE8}") = "Core", "Core", "{F6DBCEF3-9D14-4E2C-BBA3-D546F9AFC62A}"
EndProject
Project("{2150E333-8FDC-42A3-9474-1A3956D46DE8}") = "Web", "Web", "{C56B63F5-FC58-4271-9C6B-01C6E02468BD}"
EndProject
Project("{FAE04EC0-301F-11D3-BF4B-00C04F79EFBC}") = "Rae.Entity", "Rae.Entity\Rae.Entity.csproj", "{F563DED1-3E5D-42C4-AD46-8C2E85665C61}"
EndProject
Project("{FAE04EC0-301F-11D3-BF4B-00C04F79EFBC}") = "Rae.Data", "Rae.Data\Rae.Data.csproj", "{FF8C87CD-1550-452A-9C0B-39551009D273}"
EndProject
Project("{FAE04EC0-301F-11D3-BF4B-00C04F79EFBC}") = "Rae.UnitTest", "Rae.UnitTest\Rae.UnitTest.csproj", "{155C1BB1-5A86-4643-8205-63AE3FD07400}"
EndProject
Project("{2150E333-8FDC-42A3-9474-1A3956D46DE8}") = "Module", "Module", "{BDCC8A75-9E06-4B82-A70E-B9C27F4E6142}"
EndProject
Project("{FAE04EC0-301F-11D3-BF4B-00C04F79EFBC}") = "Rae.Module.Auth", "Rae.Module.Auth\Rae.Module.Auth.csproj", "{F487529D-D716-4D1D-A3B4-2B690FDD0D05}"
EndProject
Project("{FAE04EC0-301F-11D3-BF4B-00C04F79EFBC}") = "Rae.Module.Log", "Rae.Module.Log\Rae.Module.Log.csproj", "{2A47A059-623C-4924-8C4D-51D861292B21}"
EndProject
Project("{2150E333-8FDC-42A3-9474-1A3956D46DE8}") = "Other", "Other", "{701213B5-CEBB-459E-8AF5-1F11A71FE2DD}"
EndProject
Project("{FAE04EC0-301F-11D3-BF4B-00C04F79EFBC}") = "Pacs.Core.2013", "E:\我的酷盘\工作\开发项目\PACS\在做\vs2008\PACSWebCXX\PacsSolution\Pacs.Core\Pacs.Core.2013.csproj", "{54F926C1-2156-4F3C-A40A-112D3B43368D}"
EndProject
Project("{FAE04EC0-301F-11D3-BF4B-00C04F79EFBC}") = "Pacs.Auth.DataProvider", "Pacs.Auth.DataProvider\Pacs.Auth.DataProvider.csproj", "{1CB5F5DD-D691-4936-8D2B-7DAAFB5555B1}"
EndProject
Project("{FAE04EC0-301F-11D3-BF4B-00C04F79EFBC}") = "Rae.Web.Verify", "Rae.Web.Verify\Rae.Web.Verify.csproj", "{50D5A2E8-28AB-457C-B15A-450AE6A4A524}"
EndProject
Global
	GlobalSection(SolutionConfigurationPlatforms) = preSolution
		Debug|Any CPU = Debug|Any CPU
		Release|Any CPU = Release|Any CPU
	EndGlobalSection
	GlobalSection(ProjectConfigurationPlatforms) = postSolution
		{A6EE47DD-D0F0-4990-A5AF-44F72CFF1389}.Debug|Any CPU.ActiveCfg = Debug|Any CPU
		{A6EE47DD-D0F0-4990-A5AF-44F72CFF1389}.Debug|Any CPU.Build.0 = Debug|Any CPU
		{A6EE47DD-D0F0-4990-A5AF-44F72CFF1389}.Release|Any CPU.ActiveCfg = Release|Any CPU
		{A6EE47DD-D0F0-4990-A5AF-44F72CFF1389}.Release|Any CPU.Build.0 = Release|Any CPU
		{D9359B1B-1C60-40ED-A6F1-CE988E6AA96C}.Debug|Any CPU.ActiveCfg = Debug|Any CPU
		{D9359B1B-1C60-40ED-A6F1-CE988E6AA96C}.Debug|Any CPU.Build.0 = Debug|Any CPU
		{D9359B1B-1C60-40ED-A6F1-CE988E6AA96C}.Release|Any CPU.ActiveCfg = Release|Any CPU
		{D9359B1B-1C60-40ED-A6F1-CE988E6AA96C}.Release|Any CPU.Build.0 = Release|Any CPU
		{F563DED1-3E5D-42C4-AD46-8C2E85665C61}.Debug|Any CPU.ActiveCfg = Debug|Any CPU
		{F563DED1-3E5D-42C4-AD46-8C2E85665C61}.Debug|Any CPU.Build.0 = Debug|Any CPU
		{F563DED1-3E5D-42C4-AD46-8C2E85665C61}.Release|Any CPU.ActiveCfg = Release|Any CPU
		{F563DED1-3E5D-42C4-AD46-8C2E85665C61}.Release|Any CPU.Build.0 = Release|Any CPU
		{FF8C87CD-1550-452A-9C0B-39551009D273}.Debug|Any CPU.ActiveCfg = Debug|Any CPU
		{FF8C87CD-1550-452A-9C0B-39551009D273}.Debug|Any CPU.Build.0 = Debug|Any CPU
		{FF8C87CD-1550-452A-9C0B-39551009D273}.Release|Any CPU.ActiveCfg = Release|Any CPU
		{FF8C87CD-1550-452A-9C0B-39551009D273}.Release|Any CPU.Build.0 = Release|Any CPU
		{155C1BB1-5A86-4643-8205-63AE3FD07400}.Debug|Any CPU.ActiveCfg = Debug|Any CPU
		{155C1BB1-5A86-4643-8205-63AE3FD07400}.Debug|Any CPU.Build.0 = Debug|Any CPU
		{155C1BB1-5A86-4643-8205-63AE3FD07400}.Release|Any CPU.ActiveCfg = Release|Any CPU
		{155C1BB1-5A86-4643-8205-63AE3FD07400}.Release|Any CPU.Build.0 = Release|Any CPU
		{F487529D-D716-4D1D-A3B4-2B690FDD0D05}.Debug|Any CPU.ActiveCfg = Debug|Any CPU
		{F487529D-D716-4D1D-A3B4-2B690FDD0D05}.Debug|Any CPU.Build.0 = Debug|Any CPU
		{F487529D-D716-4D1D-A3B4-2B690FDD0D05}.Release|Any CPU.ActiveCfg = Release|Any CPU
		{F487529D-D716-4D1D-A3B4-2B690FDD0D05}.Release|Any CPU.Build.0 = Release|Any CPU
		{2A47A059-623C-4924-8C4D-51D861292B21}.Debug|Any CPU.ActiveCfg = Debug|Any CPU
		{2A47A059-623C-4924-8C4D-51D861292B21}.Debug|Any CPU.Build.0 = Debug|Any CPU
		{2A47A059-623C-4924-8C4D-51D861292B21}.Release|Any CPU.ActiveCfg = Release|Any CPU
		{2A47A059-623C-4924-8C4D-51D861292B21}.Release|Any CPU.Build.0 = Release|Any CPU
		{54F926C1-2156-4F3C-A40A-112D3B43368D}.Debug|Any CPU.ActiveCfg = Debug|Any CPU
		{54F926C1-2156-4F3C-A40A-112D3B43368D}.Debug|Any CPU.Build.0 = Debug|Any CPU
		{54F926C1-2156-4F3C-A40A-112D3B43368D}.Release|Any CPU.ActiveCfg = Release|Any CPU
		{54F926C1-2156-4F3C-A40A-112D3B43368D}.Release|Any CPU.Build.0 = Release|Any CPU
		{1CB5F5DD-D691-4936-8D2B-7DAAFB5555B1}.Debug|Any CPU.ActiveCfg = Debug|Any CPU
		{1CB5F5DD-D691-4936-8D2B-7DAAFB5555B1}.Debug|Any CPU.Build.0 = Debug|Any CPU
		{1CB5F5DD-D691-4936-8D2B-7DAAFB5555B1}.Release|Any CPU.ActiveCfg = Release|Any CPU
		{1CB5F5DD-D691-4936-8D2B-7DAAFB5555B1}.Release|Any CPU.Build.0 = Release|Any CPU
		{50D5A2E8-28AB-457C-B15A-450AE6A4A524}.Debug|Any CPU.ActiveCfg = Debug|Any CPU
		{50D5A2E8-28AB-457C-B15A-450AE6A4A524}.Debug|Any CPU.Build.0 = Debug|Any CPU
		{50D5A2E8-28AB-457C-B15A-450AE6A4A524}.Release|Any CPU.ActiveCfg = Release|Any CPU
		{50D5A2E8-28AB-457C-B15A-450AE6A4A524}.Release|Any CPU.Build.0 = Release|Any CPU
	EndGlobalSection
	GlobalSection(SolutionProperties) = preSolution
		HideSolutionNode = FALSE
	EndGlobalSection
	GlobalSection(NestedProjects) = preSolution
		{A6EE47DD-D0F0-4990-A5AF-44F72CFF1389} = {C56B63F5-FC58-4271-9C6B-01C6E02468BD}
		{50D5A2E8-28AB-457C-B15A-450AE6A4A524} = {C56B63F5-FC58-4271-9C6B-01C6E02468BD}
		{D9359B1B-1C60-40ED-A6F1-CE988E6AA96C} = {F6DBCEF3-9D14-4E2C-BBA3-D546F9AFC62A}
		{F563DED1-3E5D-42C4-AD46-8C2E85665C61} = {F6DBCEF3-9D14-4E2C-BBA3-D546F9AFC62A}
		{FF8C87CD-1550-452A-9C0B-39551009D273} = {F6DBCEF3-9D14-4E2C-BBA3-D546F9AFC62A}
		{155C1BB1-5A86-4643-8205-63AE3FD07400} = {F6DBCEF3-9D14-4E2C-BBA3-D546F9AFC62A}
		{F487529D-D716-4D1D-A3B4-2B690FDD0D05} = {BDCC8A75-9E06-4B82-A70E-B9C27F4E6142}
		{2A47A059-623C-4924-8C4D-51D861292B21} = {BDCC8A75-9E06-4B82-A70E-B9C27F4E6142}
		{54F926C1-2156-4F3C-A40A-112D3B43368D} = {701213B5-CEBB-459E-8AF5-1F11A71FE2DD}
		{1CB5F5DD-D691-4936-8D2B-7DAAFB5555B1} = {701213B5-CEBB-459E-8AF5-1F11A71FE2DD}
	EndGlobalSection
EndGlobal
